
Microsoft Visual Studio Solution File, Format Version 12.00
# Visual Studio Version 17
VisualStudioVersion = 17.0.32112.339
MinimumVisualStudioVersion = 10.0.40219.1
Project("{FAE04EC0-301F-11D3-BF4B-00C04F79EFBC}") = "spisuk", "spisuk\spisuk.csproj", "{C8A917DB-8BA3-4293-99A1-AF2009274CAD}"
EndProject
Project("{FAE04EC0-301F-11D3-BF4B-00C04F79EFBC}") = "zad1", "zad1\zad1.csproj", "{DA54372D-594A-4018-A3EE-89E0D6A36340}"
EndProject
Project("{FAE04EC0-301F-11D3-BF4B-00C04F79EFBC}") = "zad2", "zad2\zad2.csproj", "{367A58DD-5510-4A0A-A10C-517BB6B5F401}"
EndProject
Project("{FAE04EC0-301F-11D3-BF4B-00C04F79EFBC}") = "zad3", "zad3\zad3.csproj", "{B8FAD6FD-B871-458A-ADA0-D06BB071F44C}"
EndProject
Global
	GlobalSection(SolutionConfigurationPlatforms) = preSolution
		Debug|Any CPU = Debug|Any CPU
		Release|Any CPU = Release|Any CPU
	EndGlobalSection
	GlobalSection(ProjectConfigurationPlatforms) = postSolution
		{C8A917DB-8BA3-4293-99A1-AF2009274CAD}.Debug|Any CPU.ActiveCfg = Debug|Any CPU
		{C8A917DB-8BA3-4293-99A1-AF2009274CAD}.Debug|Any CPU.Build.0 = Debug|Any CPU
		{C8A917DB-8BA3-4293-99A1-AF2009274CAD}.Release|Any CPU.ActiveCfg = Release|Any CPU
		{C8A917DB-8BA3-4293-99A1-AF2009274CAD}.Release|Any CPU.Build.0 = Release|Any CPU
		{DA54372D-594A-4018-A3EE-89E0D6A36340}.Debug|Any CPU.ActiveCfg = Debug|Any CPU
		{DA54372D-594A-4018-A3EE-89E0D6A36340}.Debug|Any CPU.Build.0 = Debug|Any CPU
		{DA54372D-594A-4018-A3EE-89E0D6A36340}.Release|Any CPU.ActiveCfg = Release|Any CPU
		{DA54372D-594A-4018-A3EE-89E0D6A36340}.Release|Any CPU.Build.0 = Release|Any CPU
		{367A58DD-5510-4A0A-A10C-517BB6B5F401}.Debug|Any CPU.ActiveCfg = Debug|Any CPU
		{367A58DD-5510-4A0A-A10C-517BB6B5F401}.Debug|Any CPU.Build.0 = Debug|Any CPU
		{367A58DD-5510-4A0A-A10C-517BB6B5F401}.Release|Any CPU.ActiveCfg = Release|Any CPU
		{367A58DD-5510-4A0A-A10C-517BB6B5F401}.Release|Any CPU.Build.0 = Release|Any CPU
		{B8FAD6FD-B871-458A-ADA0-D06BB071F44C}.Debug|Any CPU.ActiveCfg = Debug|Any CPU
		{B8FAD6FD-B871-458A-ADA0-D06BB071F44C}.Debug|Any CPU.Build.0 = Debug|Any CPU
		{B8FAD6FD-B871-458A-ADA0-D06BB071F44C}.Release|Any CPU.ActiveCfg = Release|Any CPU
		{B8FAD6FD-B871-458A-ADA0-D06BB071F44C}.Release|Any CPU.Build.0 = Release|Any CPU
	EndGlobalSection
	GlobalSection(SolutionProperties) = preSolution
		HideSolutionNode = FALSE
	EndGlobalSection
	GlobalSection(ExtensibilityGlobals) = postSolution
		SolutionGuid = {CF508806-A8E8-4E3C-9A05-70535DE50149}
	EndGlobalSection
EndGlobal
